// !$*UTF8*$!
{
	archiveVersion = 1;
	classes = {
	};
	objectVersion = 77;
	objects = {

/* Begin PBXBuildFile section */
		6F4241AA2E09567900F3F4BD /* FilenFileProviderExtension.appex in Embed Foundation Extensions */ = {isa = PBXBuildFile; fileRef = 6F42419B2E09567900F3F4BD /* FilenFileProviderExtension.appex */; settings = {ATTRIBUTES = (RemoveHeadersOnCopy, ); }; };
		A923876A2E2904A3000EF2BF /* libfilen_mobile_native_cache.xcframework in Frameworks */ = {isa = PBXBuildFile; fileRef = A92387692E2904A3000EF2BF /* libfilen_mobile_native_cache.xcframework */; };
		A94A39872E33C2D000CE63E7 /* SystemConfiguration.framework in Frameworks */ = {isa = PBXBuildFile; fileRef = A94A39862E33C2D000CE63E7 /* SystemConfiguration.framework */; };
		A9D3CAD32E292500009868D0 /* secrets.xcconfig in Resources */ = {isa = PBXBuildFile; fileRef = A9D3CAD22E292500009868D0 /* secrets.xcconfig */; };
		A9E1D6382E422B9900CE63E7 /* libc++.tbd in Frameworks */ = {isa = PBXBuildFile; fileRef = A99E516A2E41FC5500CE63E7 /* libc++.tbd */; };
/* End PBXBuildFile section */

/* Begin PBXContainerItemProxy section */
		6F4241A82E09567900F3F4BD /* PBXContainerItemProxy */ = {
			isa = PBXContainerItemProxy;
			containerPortal = 6F4241652E0955F600F3F4BD /* Project object */;
			proxyType = 1;
			remoteGlobalIDString = 6F42419A2E09567900F3F4BD;
			remoteInfo = FilenFileProviderExtension;
		};
/* End PBXContainerItemProxy section */

/* Begin PBXCopyFilesBuildPhase section */
		6F4241AF2E09567900F3F4BD /* Embed Foundation Extensions */ = {
			isa = PBXCopyFilesBuildPhase;
			buildActionMask = 2147483647;
			dstPath = "";
			dstSubfolderSpec = 13;
			files = (
				6F4241AA2E09567900F3F4BD /* FilenFileProviderExtension.appex in Embed Foundation Extensions */,
			);
			name = "Embed Foundation Extensions";
			runOnlyForDeploymentPostprocessing = 0;
		};
/* End PBXCopyFilesBuildPhase section */

/* Begin PBXFileReference section */
		6F42416D2E0955F600F3F4BD /* FilenFileProvider.app */ = {isa = PBXFileReference; explicitFileType = wrapper.application; includeInIndex = 0; path = FilenFileProvider.app; sourceTree = BUILT_PRODUCTS_DIR; };
		6F42419B2E09567900F3F4BD /* FilenFileProviderExtension.appex */ = {isa = PBXFileReference; explicitFileType = "wrapper.app-extension"; includeInIndex = 0; path = FilenFileProviderExtension.appex; sourceTree = BUILT_PRODUCTS_DIR; };
		6F42419D2E09567900F3F4BD /* UniformTypeIdentifiers.framework */ = {isa = PBXFileReference; lastKnownFileType = wrapper.framework; name = UniformTypeIdentifiers.framework; path = System/Library/Frameworks/UniformTypeIdentifiers.framework; sourceTree = SDKROOT; };
		A92387692E2904A3000EF2BF /* libfilen_mobile_native_cache.xcframework */ = {isa = PBXFileReference; lastKnownFileType = wrapper.xcframework; name = libfilen_mobile_native_cache.xcframework; path = Frameworks/libfilen_mobile_native_cache.xcframework; sourceTree = "<group>"; };
		A94A39862E33C2D000CE63E7 /* SystemConfiguration.framework */ = {isa = PBXFileReference; lastKnownFileType = wrapper.framework; name = SystemConfiguration.framework; path = System/Library/Frameworks/SystemConfiguration.framework; sourceTree = SDKROOT; };
		A99E516A2E41FC5500CE63E7 /* libc++.tbd */ = {isa = PBXFileReference; lastKnownFileType = "sourcecode.text-based-dylib-definition"; name = "libc++.tbd"; path = "usr/lib/libc++.tbd"; sourceTree = SDKROOT; };
		A9D3CAD22E292500009868D0 /* secrets.xcconfig */ = {isa = PBXFileReference; lastKnownFileType = text.xcconfig; path = secrets.xcconfig; sourceTree = "<group>"; };
/* End PBXFileReference section */

/* Begin PBXFileSystemSynchronizedBuildFileExceptionSet section */
		A9D3CAC52E2917D4009868D0 /* Exceptions for "FilenFileProviderExtension" folder in "FilenFileProviderExtension" target */ = {
			isa = PBXFileSystemSynchronizedBuildFileExceptionSet;
			membershipExceptions = (
				Info.plist,
			);
			target = 6F42419A2E09567900F3F4BD /* FilenFileProviderExtension */;
		};
		A9D3CAC82E29180D009868D0 /* Exceptions for "FilenFileProvider" folder in "FilenFileProvider" target */ = {
			isa = PBXFileSystemSynchronizedBuildFileExceptionSet;
			membershipExceptions = (
				Info.plist,
			);
			target = 6F42416C2E0955F600F3F4BD /* FilenFileProvider */;
		};
/* End PBXFileSystemSynchronizedBuildFileExceptionSet section */

/* Begin PBXFileSystemSynchronizedRootGroup section */
		6F42416F2E0955F600F3F4BD /* FilenFileProvider */ = {
			isa = PBXFileSystemSynchronizedRootGroup;
			exceptions = (
				A9D3CAC82E29180D009868D0 /* Exceptions for "FilenFileProvider" folder in "FilenFileProvider" target */,
			);
			path = FilenFileProvider;
			sourceTree = "<group>";
		};
		6F42417D2E0955F700F3F4BD /* FilenFileProviderTests */ = {
			isa = PBXFileSystemSynchronizedRootGroup;
			path = FilenFileProviderTests;
			sourceTree = "<group>";
		};
		6F42419F2E09567900F3F4BD /* FilenFileProviderExtension */ = {
			isa = PBXFileSystemSynchronizedRootGroup;
			exceptions = (
				A9D3CAC52E2917D4009868D0 /* Exceptions for "FilenFileProviderExtension" folder in "FilenFileProviderExtension" target */,
			);
			path = FilenFileProviderExtension;
			sourceTree = "<group>";
		};
/* End PBXFileSystemSynchronizedRootGroup section */

/* Begin PBXFrameworksBuildPhase section */
		6F42416A2E0955F600F3F4BD /* Frameworks */ = {
			isa = PBXFrameworksBuildPhase;
			buildActionMask = 2147483647;
			files = (
			);
			runOnlyForDeploymentPostprocessing = 0;
		};
		6F4241982E09567900F3F4BD /* Frameworks */ = {
			isa = PBXFrameworksBuildPhase;
			buildActionMask = 2147483647;
			files = (
				A9E1D6382E422B9900CE63E7 /* libc++.tbd in Frameworks */,
				A923876A2E2904A3000EF2BF /* libfilen_mobile_native_cache.xcframework in Frameworks */,
				A94A39872E33C2D000CE63E7 /* SystemConfiguration.framework in Frameworks */,
			);
			runOnlyForDeploymentPostprocessing = 0;
		};
/* End PBXFrameworksBuildPhase section */

/* Begin PBXGroup section */
		6F4241642E0955F600F3F4BD = {
			isa = PBXGroup;
			children = (
				A9D3CAD22E292500009868D0 /* secrets.xcconfig */,
				6F42416F2E0955F600F3F4BD /* FilenFileProvider */,
				6F42417D2E0955F700F3F4BD /* FilenFileProviderTests */,
				6F42419F2E09567900F3F4BD /* FilenFileProviderExtension */,
				6F42419C2E09567900F3F4BD /* Frameworks */,
				6F42416E2E0955F600F3F4BD /* Products */,
			);
			sourceTree = "<group>";
		};
		6F42416E2E0955F600F3F4BD /* Products */ = {
			isa = PBXGroup;
			children = (
				6F42416D2E0955F600F3F4BD /* FilenFileProvider.app */,
				6F42419B2E09567900F3F4BD /* FilenFileProviderExtension.appex */,
			);
			name = Products;
			sourceTree = "<group>";
		};
		6F42419C2E09567900F3F4BD /* Frameworks */ = {
			isa = PBXGroup;
			children = (
				A99E516A2E41FC5500CE63E7 /* libc++.tbd */,
				A94A39862E33C2D000CE63E7 /* SystemConfiguration.framework */,
				A92387692E2904A3000EF2BF /* libfilen_mobile_native_cache.xcframework */,
				6F42419D2E09567900F3F4BD /* UniformTypeIdentifiers.framework */,
			);
			name = Frameworks;
			sourceTree = "<group>";
		};
/* End PBXGroup section */

/* Begin PBXNativeTarget section */
		6F42416C2E0955F600F3F4BD /* FilenFileProvider */ = {
			isa = PBXNativeTarget;
			buildConfigurationList = 6F42418E2E0955F700F3F4BD /* Build configuration list for PBXNativeTarget "FilenFileProvider" */;
			buildPhases = (
				6F4241692E0955F600F3F4BD /* Sources */,
				6F42416A2E0955F600F3F4BD /* Frameworks */,
				6F42416B2E0955F600F3F4BD /* Resources */,
				6F4241AF2E09567900F3F4BD /* Embed Foundation Extensions */,
			);
			buildRules = (
			);
			dependencies = (
				6F4241A92E09567900F3F4BD /* PBXTargetDependency */,
			);
			fileSystemSynchronizedGroups = (
				6F42416F2E0955F600F3F4BD /* FilenFileProvider */,
			);
			name = FilenFileProvider;
			packageProductDependencies = (
			);
			productName = FilenFileProvider;
			productReference = 6F42416D2E0955F600F3F4BD /* FilenFileProvider.app */;
			productType = "com.apple.product-type.application";
		};
		6F42419A2E09567900F3F4BD /* FilenFileProviderExtension */ = {
			isa = PBXNativeTarget;
			buildConfigurationList = 6F4241AC2E09567900F3F4BD /* Build configuration list for PBXNativeTarget "FilenFileProviderExtension" */;
			buildPhases = (
				6F4241972E09567900F3F4BD /* Sources */,
				6F4241982E09567900F3F4BD /* Frameworks */,
				6F4241992E09567900F3F4BD /* Resources */,
			);
			buildRules = (
			);
			dependencies = (
			);
			fileSystemSynchronizedGroups = (
				6F42419F2E09567900F3F4BD /* FilenFileProviderExtension */,
			);
			name = FilenFileProviderExtension;
			packageProductDependencies = (
			);
			productName = FilenFileProviderExtension;
			productReference = 6F42419B2E09567900F3F4BD /* FilenFileProviderExtension.appex */;
			productType = "com.apple.product-type.app-extension";
		};
/* End PBXNativeTarget section */

/* Begin PBXProject section */
		6F4241652E0955F600F3F4BD /* Project object */ = {
			isa = PBXProject;
			attributes = {
				BuildIndependentTargetsInParallel = 1;
				LastSwiftUpdateCheck = 1630;
				LastUpgradeCheck = 1630;
				TargetAttributes = {
					6F42416C2E0955F600F3F4BD = {
						CreatedOnToolsVersion = 16.3;
					};
					6F42419A2E09567900F3F4BD = {
						CreatedOnToolsVersion = 16.3;
					};
				};
			};
			buildConfigurationList = 6F4241682E0955F600F3F4BD /* Build configuration list for PBXProject "FilenFileProvider" */;
			developmentRegion = en;
			hasScannedForEncodings = 0;
			knownRegions = (
				en,
				Base,
			);
			mainGroup = 6F4241642E0955F600F3F4BD;
			minimizedProjectReferenceProxies = 1;
			preferredProjectObjectVersion = 77;
			productRefGroup = 6F42416E2E0955F600F3F4BD /* Products */;
			projectDirPath = "";
			projectRoot = "";
			targets = (
				6F42416C2E0955F600F3F4BD /* FilenFileProvider */,
				6F42419A2E09567900F3F4BD /* FilenFileProviderExtension */,
			);
		};
/* End PBXProject section */

/* Begin PBXResourcesBuildPhase section */
		6F42416B2E0955F600F3F4BD /* Resources */ = {
			isa = PBXResourcesBuildPhase;
			buildActionMask = 2147483647;
			files = (
				A9D3CAD32E292500009868D0 /* secrets.xcconfig in Resources */,
			);
			runOnlyForDeploymentPostprocessing = 0;
		};
		6F4241992E09567900F3F4BD /* Resources */ = {
			isa = PBXResourcesBuildPhase;
			buildActionMask = 2147483647;
			files = (
			);
			runOnlyForDeploymentPostprocessing = 0;
		};
/* End PBXResourcesBuildPhase section */

/* Begin PBXSourcesBuildPhase section */
		6F4241692E0955F600F3F4BD /* Sources */ = {
			isa = PBXSourcesBuildPhase;
			buildActionMask = 2147483647;
			files = (
			);
			runOnlyForDeploymentPostprocessing = 0;
		};
		6F4241972E09567900F3F4BD /* Sources */ = {
			isa = PBXSourcesBuildPhase;
			buildActionMask = 2147483647;
			files = (
			);
			runOnlyForDeploymentPostprocessing = 0;
		};
/* End PBXSourcesBuildPhase section */

/* Begin PBXTargetDependency section */
		6F4241A92E09567900F3F4BD /* PBXTargetDependency */ = {
			isa = PBXTargetDependency;
			target = 6F42419A2E09567900F3F4BD /* FilenFileProviderExtension */;
			targetProxy = 6F4241A82E09567900F3F4BD /* PBXContainerItemProxy */;
		};
/* End PBXTargetDependency section */

/* Begin XCBuildConfiguration section */
		6F42418C2E0955F700F3F4BD /* Debug */ = {
			isa = XCBuildConfiguration;
			buildSettings = {
				ALWAYS_SEARCH_USER_PATHS = NO;
				ASSETCATALOG_COMPILER_GENERATE_SWIFT_ASSET_SYMBOL_EXTENSIONS = YES;
				CLANG_ANALYZER_NONNULL = YES;
				CLANG_ANALYZER_NUMBER_OBJECT_CONVERSION = YES_AGGRESSIVE;
				CLANG_CXX_LANGUAGE_STANDARD = "gnu++20";
				CLANG_ENABLE_MODULES = YES;
				CLANG_ENABLE_OBJC_ARC = YES;
				CLANG_ENABLE_OBJC_WEAK = YES;
				CLANG_WARN_BLOCK_CAPTURE_AUTORELEASING = YES;
				CLANG_WARN_BOOL_CONVERSION = YES;
				CLANG_WARN_COMMA = YES;
				CLANG_WARN_CONSTANT_CONVERSION = YES;
				CLANG_WARN_DEPRECATED_OBJC_IMPLEMENTATIONS = YES;
				CLANG_WARN_DIRECT_OBJC_ISA_USAGE = YES_ERROR;
				CLANG_WARN_DOCUMENTATION_COMMENTS = YES;
				CLANG_WARN_EMPTY_BODY = YES;
				CLANG_WARN_ENUM_CONVERSION = YES;
				CLANG_WARN_INFINITE_RECURSION = YES;
				CLANG_WARN_INT_CONVERSION = YES;
				CLANG_WARN_NON_LITERAL_NULL_CONVERSION = YES;
				CLANG_WARN_OBJC_IMPLICIT_RETAIN_SELF = YES;
				CLANG_WARN_OBJC_LITERAL_CONVERSION = YES;
				CLANG_WARN_OBJC_ROOT_CLASS = YES_ERROR;
				CLANG_WARN_QUOTED_INCLUDE_IN_FRAMEWORK_HEADER = YES;
				CLANG_WARN_RANGE_LOOP_ANALYSIS = YES;
				CLANG_WARN_STRICT_PROTOTYPES = YES;
				CLANG_WARN_SUSPICIOUS_MOVE = YES;
				CLANG_WARN_UNGUARDED_AVAILABILITY = YES_AGGRESSIVE;
				CLANG_WARN_UNREACHABLE_CODE = YES;
				CLANG_WARN__DUPLICATE_METHOD_MATCH = YES;
				COPY_PHASE_STRIP = NO;
				DEBUG_INFORMATION_FORMAT = dwarf;
				ENABLE_STRICT_OBJC_MSGSEND = YES;
				ENABLE_TESTABILITY = YES;
				ENABLE_USER_SCRIPT_SANDBOXING = NO;
				GCC_C_LANGUAGE_STANDARD = gnu17;
				GCC_DYNAMIC_NO_PIC = NO;
				GCC_NO_COMMON_BLOCKS = YES;
				GCC_OPTIMIZATION_LEVEL = 0;
				GCC_PREPROCESSOR_DEFINITIONS = (
					"DEBUG=1",
					"$(inherited)",
				);
				GCC_WARN_64_TO_32_BIT_CONVERSION = YES;
				GCC_WARN_ABOUT_RETURN_TYPE = YES_ERROR;
				GCC_WARN_UNDECLARED_SELECTOR = YES;
				GCC_WARN_UNINITIALIZED_AUTOS = YES_AGGRESSIVE;
				GCC_WARN_UNUSED_FUNCTION = YES;
				GCC_WARN_UNUSED_VARIABLE = YES;
				IPHONEOS_DEPLOYMENT_TARGET = 16.6;
				LOCALIZATION_PREFERS_STRING_CATALOGS = YES;
				MTL_ENABLE_DEBUG_INFO = INCLUDE_SOURCE;
				MTL_FAST_MATH = YES;
				ONLY_ACTIVE_ARCH = YES;
				SDKROOT = iphoneos;
				SWIFT_ACTIVE_COMPILATION_CONDITIONS = "DEBUG $(inherited)";
				SWIFT_OPTIMIZATION_LEVEL = "-Onone";
			};
			name = Debug;
		};
		6F42418D2E0955F700F3F4BD /* Release */ = {
			isa = XCBuildConfiguration;
			buildSettings = {
				ALWAYS_SEARCH_USER_PATHS = NO;
				ASSETCATALOG_COMPILER_GENERATE_SWIFT_ASSET_SYMBOL_EXTENSIONS = YES;
				CLANG_ANALYZER_NONNULL = YES;
				CLANG_ANALYZER_NUMBER_OBJECT_CONVERSION = YES_AGGRESSIVE;
				CLANG_CXX_LANGUAGE_STANDARD = "gnu++20";
				CLANG_ENABLE_MODULES = YES;
				CLANG_ENABLE_OBJC_ARC = YES;
				CLANG_ENABLE_OBJC_WEAK = YES;
				CLANG_WARN_BLOCK_CAPTURE_AUTORELEASING = YES;
				CLANG_WARN_BOOL_CONVERSION = YES;
				CLANG_WARN_COMMA = YES;
				CLANG_WARN_CONSTANT_CONVERSION = YES;
				CLANG_WARN_DEPRECATED_OBJC_IMPLEMENTATIONS = YES;
				CLANG_WARN_DIRECT_OBJC_ISA_USAGE = YES_ERROR;
				CLANG_WARN_DOCUMENTATION_COMMENTS = YES;
				CLANG_WARN_EMPTY_BODY = YES;
				CLANG_WARN_ENUM_CONVERSION = YES;
				CLANG_WARN_INFINITE_RECURSION = YES;
				CLANG_WARN_INT_CONVERSION = YES;
				CLANG_WARN_NON_LITERAL_NULL_CONVERSION = YES;
				CLANG_WARN_OBJC_IMPLICIT_RETAIN_SELF = YES;
				CLANG_WARN_OBJC_LITERAL_CONVERSION = YES;
				CLANG_WARN_OBJC_ROOT_CLASS = YES_ERROR;
				CLANG_WARN_QUOTED_INCLUDE_IN_FRAMEWORK_HEADER = YES;
				CLANG_WARN_RANGE_LOOP_ANALYSIS = YES;
				CLANG_WARN_STRICT_PROTOTYPES = YES;
				CLANG_WARN_SUSPICIOUS_MOVE = YES;
				CLANG_WARN_UNGUARDED_AVAILABILITY = YES_AGGRESSIVE;
				CLANG_WARN_UNREACHABLE_CODE = YES;
				CLANG_WARN__DUPLICATE_METHOD_MATCH = YES;
				COPY_PHASE_STRIP = NO;
				DEBUG_INFORMATION_FORMAT = "dwarf-with-dsym";
				ENABLE_NS_ASSERTIONS = NO;
				ENABLE_STRICT_OBJC_MSGSEND = YES;
				ENABLE_USER_SCRIPT_SANDBOXING = NO;
				GCC_C_LANGUAGE_STANDARD = gnu17;
				GCC_NO_COMMON_BLOCKS = YES;
				GCC_WARN_64_TO_32_BIT_CONVERSION = YES;
				GCC_WARN_ABOUT_RETURN_TYPE = YES_ERROR;
				GCC_WARN_UNDECLARED_SELECTOR = YES;
				GCC_WARN_UNINITIALIZED_AUTOS = YES_AGGRESSIVE;
				GCC_WARN_UNUSED_FUNCTION = YES;
				GCC_WARN_UNUSED_VARIABLE = YES;
				IPHONEOS_DEPLOYMENT_TARGET = 16.6;
				LOCALIZATION_PREFERS_STRING_CATALOGS = YES;
				MTL_ENABLE_DEBUG_INFO = NO;
				MTL_FAST_MATH = YES;
				SDKROOT = iphoneos;
				SWIFT_COMPILATION_MODE = wholemodule;
				VALIDATE_PRODUCT = YES;
			};
			name = Release;
		};
		6F42418F2E0955F700F3F4BD /* Debug */ = {
			isa = XCBuildConfiguration;
			baseConfigurationReference = A9D3CAD22E292500009868D0 /* secrets.xcconfig */;
			buildSettings = {
				ASSETCATALOG_COMPILER_APPICON_NAME = AppIcon;
				ASSETCATALOG_COMPILER_GLOBAL_ACCENT_COLOR_NAME = AccentColor;
				CODE_SIGN_ENTITLEMENTS = FilenFileProvider/FilenFileProvider.entitlements;
				CODE_SIGN_STYLE = Automatic;
				CURRENT_PROJECT_VERSION = 1;
				DEVELOPMENT_TEAM = "";
				ENABLE_PREVIEWS = YES;
				ENABLE_USER_SCRIPT_SANDBOXING = NO;
				GENERATE_INFOPLIST_FILE = YES;
				INFOPLIST_FILE = FilenFileProvider/Info.plist;
				INFOPLIST_KEY_CFBundleDisplayName = Filen;
				INFOPLIST_KEY_UIApplicationSceneManifest_Generation = YES;
				INFOPLIST_KEY_UIApplicationSupportsIndirectInputEvents = YES;
				INFOPLIST_KEY_UILaunchScreen_Generation = YES;
				INFOPLIST_KEY_UISupportedInterfaceOrientations_iPad = "UIInterfaceOrientationPortrait UIInterfaceOrientationPortraitUpsideDown UIInterfaceOrientationLandscapeLeft UIInterfaceOrientationLandscapeRight";
				INFOPLIST_KEY_UISupportedInterfaceOrientations_iPhone = "UIInterfaceOrientationPortrait UIInterfaceOrientationLandscapeLeft UIInterfaceOrientationLandscapeRight";
				IPHONEOS_DEPLOYMENT_TARGET = 16.6;
				LD_RUNPATH_SEARCH_PATHS = (
					"$(inherited)",
					"@executable_path/Frameworks",
				);
				MARKETING_VERSION = 1.0;
				PRODUCT_BUNDLE_IDENTIFIER = io.filen.app;
				PRODUCT_NAME = "$(TARGET_NAME)";
				SWIFT_EMIT_LOC_STRINGS = YES;
				SWIFT_VERSION = 5.0;
				TARGETED_DEVICE_FAMILY = "1,2";
			};
			name = Debug;
		};
		6F4241902E0955F700F3F4BD /* Release */ = {
			isa = XCBuildConfiguration;
			baseConfigurationReference = A9D3CAD22E292500009868D0 /* secrets.xcconfig */;
			buildSettings = {
				ASSETCATALOG_COMPILER_APPICON_NAME = AppIcon;
				ASSETCATALOG_COMPILER_GLOBAL_ACCENT_COLOR_NAME = AccentColor;
				CODE_SIGN_ENTITLEMENTS = FilenFileProvider/FilenFileProvider.entitlements;
				CODE_SIGN_STYLE = Automatic;
				CURRENT_PROJECT_VERSION = 1;
				DEVELOPMENT_TEAM = "";
				ENABLE_PREVIEWS = YES;
				ENABLE_USER_SCRIPT_SANDBOXING = NO;
				GENERATE_INFOPLIST_FILE = YES;
				INFOPLIST_FILE = FilenFileProvider/Info.plist;
				INFOPLIST_KEY_CFBundleDisplayName = Filen;
				INFOPLIST_KEY_UIApplicationSceneManifest_Generation = YES;
				INFOPLIST_KEY_UIApplicationSupportsIndirectInputEvents = YES;
				INFOPLIST_KEY_UILaunchScreen_Generation = YES;
				INFOPLIST_KEY_UISupportedInterfaceOrientations_iPad = "UIInterfaceOrientationPortrait UIInterfaceOrientationPortraitUpsideDown UIInterfaceOrientationLandscapeLeft UIInterfaceOrientationLandscapeRight";
				INFOPLIST_KEY_UISupportedInterfaceOrientations_iPhone = "UIInterfaceOrientationPortrait UIInterfaceOrientationLandscapeLeft UIInterfaceOrientationLandscapeRight";
				IPHONEOS_DEPLOYMENT_TARGET = 16.6;
				LD_RUNPATH_SEARCH_PATHS = (
					"$(inherited)",
					"@executable_path/Frameworks",
				);
				MARKETING_VERSION = 1.0;
				PRODUCT_BUNDLE_IDENTIFIER = io.filen.app;
				PRODUCT_NAME = "$(TARGET_NAME)";
				SWIFT_EMIT_LOC_STRINGS = YES;
				SWIFT_VERSION = 5.0;
				TARGETED_DEVICE_FAMILY = "1,2";
			};
			name = Release;
		};
		6F4241AD2E09567900F3F4BD /* Debug */ = {
			isa = XCBuildConfiguration;
			buildSettings = {
				CODE_SIGN_ENTITLEMENTS = FilenFileProviderExtension/FilenFileProviderExtension.entitlements;
				CODE_SIGN_STYLE = Automatic;
				CURRENT_PROJECT_VERSION = 1;
				DEVELOPMENT_TEAM = "";
				ENABLE_USER_SCRIPT_SANDBOXING = NO;
				GENERATE_INFOPLIST_FILE = YES;
				INFOPLIST_FILE = FilenFileProviderExtension/Info.plist;
				INFOPLIST_KEY_CFBundleDisplayName = FilenFileProviderExtension;
				INFOPLIST_KEY_NSHumanReadableCopyright = "";
				IPHONEOS_DEPLOYMENT_TARGET = 16.6;
				LD_RUNPATH_SEARCH_PATHS = (
					"$(inherited)",
					"@executable_path/Frameworks",
					"@executable_path/../../Frameworks",
				);
				MARKETING_VERSION = 1.0;
				PRODUCT_BUNDLE_IDENTIFIER = io.filen.app.FileProvider;
				PRODUCT_NAME = "$(TARGET_NAME)";
				SKIP_INSTALL = YES;
				SWIFT_EMIT_LOC_STRINGS = YES;
				SWIFT_VERSION = 5.0;
				TARGETED_DEVICE_FAMILY = "1,2";
			};
			name = Debug;
		};
		6F4241AE2E09567900F3F4BD /* Release */ = {
			isa = XCBuildConfiguration;
			buildSettings = {
				CODE_SIGN_ENTITLEMENTS = FilenFileProviderExtension/FilenFileProviderExtension.entitlements;
				CODE_SIGN_STYLE = Automatic;
				CURRENT_PROJECT_VERSION = 1;
				DEVELOPMENT_TEAM = "";
				ENABLE_USER_SCRIPT_SANDBOXING = NO;
				GENERATE_INFOPLIST_FILE = YES;
				INFOPLIST_FILE = FilenFileProviderExtension/Info.plist;
				INFOPLIST_KEY_CFBundleDisplayName = FilenFileProviderExtension;
				INFOPLIST_KEY_NSHumanReadableCopyright = "";
				IPHONEOS_DEPLOYMENT_TARGET = 16.6;
				LD_RUNPATH_SEARCH_PATHS = (
					"$(inherited)",
					"@executable_path/Frameworks",
					"@executable_path/../../Frameworks",
				);
				MARKETING_VERSION = 1.0;
				PRODUCT_BUNDLE_IDENTIFIER = io.filen.app.FileProvider;
				PRODUCT_NAME = "$(TARGET_NAME)";
				SKIP_INSTALL = YES;
				SWIFT_EMIT_LOC_STRINGS = YES;
				SWIFT_VERSION = 5.0;
				TARGETED_DEVICE_FAMILY = "1,2";
			};
			name = Release;
		};
/* End XCBuildConfiguration section */

/* Begin XCConfigurationList section */
		6F4241682E0955F600F3F4BD /* Build configuration list for PBXProject "FilenFileProvider" */ = {
			isa = XCConfigurationList;
			buildConfigurations = (
				6F42418C2E0955F700F3F4BD /* Debug */,
				6F42418D2E0955F700F3F4BD /* Release */,
			);
			defaultConfigurationIsVisible = 0;
			defaultConfigurationName = Release;
		};
		6F42418E2E0955F700F3F4BD /* Build configuration list for PBXNativeTarget "FilenFileProvider" */ = {
			isa = XCConfigurationList;
			buildConfigurations = (
				6F42418F2E0955F700F3F4BD /* Debug */,
				6F4241902E0955F700F3F4BD /* Release */,
			);
			defaultConfigurationIsVisible = 0;
			defaultConfigurationName = Release;
		};
		6F4241AC2E09567900F3F4BD /* Build configuration list for PBXNativeTarget "FilenFileProviderExtension" */ = {
			isa = XCConfigurationList;
			buildConfigurations = (
				6F4241AD2E09567900F3F4BD /* Debug */,
				6F4241AE2E09567900F3F4BD /* Release */,
			);
			defaultConfigurationIsVisible = 0;
			defaultConfigurationName = Release;
		};
/* End XCConfigurationList section */
	};
	rootObject = 6F4241652E0955F600F3F4BD /* Project object */;
}
